{
    "_meta": {
        "hash": {
            "sha256": "6d42bf997cac75dacdb25c7463eee329ddeb6f7c15633aafd1a924ec5f8ad629"
        },
        "pipfile-spec": 6,
        "requires": {
            "python_version": "3.11"
        },
        "sources": [
            {
                "name": "pypi",
                "url": "https://pypi.org/simple",
                "verify_ssl": true
            }
        ]
    },
    "default": {
        "alembic": {
            "hashes": [
                "sha256:2edcc97bed0bd3272611ce3a98d98279e9c209e7186e43e75bbb1b2bdfdbcc43",
                "sha256:4932c8558bf68f2ee92b9bbcb8218671c627064d5b08939437af6d77dc05e595"
            ],
            "index": "pypi",
            "markers": "python_version >= '3.8'",
            "version": "==1.13.1"
        },
        "annotated-types": {
            "hashes": [
                "sha256:0641064de18ba7a25dee8f96403ebc39113d0cb953a01429249d5c7564666a43",
                "sha256:563339e807e53ffd9c267e99fc6d9ea23eb8443c08f112651963e24e22f84a5d"
            ],
            "index": "pypi",
            "markers": "python_version >= '3.8'",
            "version": "==0.6.0"
        },
        "anyio": {
            "hashes": [
                "sha256:745843b39e829e108e518c489b31dc757de7d2131d53fac32bd8df268227bfee",
                "sha256:e1875bb4b4e2de1669f4bc7869b6d3f54231cdced71605e6e64c9be77e3be50f"
            ],
            "index": "pypi",
            "markers": "python_version >= '3.8'",
            "version": "==4.2.0"
        },
        "click": {
            "hashes": [
                "sha256:ae74fb96c20a0277a1d615f1e4d73c8414f5a98db8b799a7931d1582f3390c28",
                "sha256:ca9853ad459e787e2192211578cc907e7594e294c7ccc834310722b41b9ca6de"
            ],
            "index": "pypi",
            "markers": "python_version >= '3.7'",
            "version": "==8.1.7"
        },
        "fastapi": {
            "hashes": [
                "sha256:2c9bab24667293b501cad8dd388c05240c850b58ec5876ee3283c47d6e1e3a4d",
                "sha256:f3817eac96fe4f65a2ebb4baa000f394e55f5fccdaf7f75250804bc58f354f73"
            ],
            "index": "pypi",
            "markers": "python_version >= '3.8'",
            "version": "==0.109.2"
        },
        "h11": {
            "hashes": [
                "sha256:8f19fbbe99e72420ff35c00b27a34cb9937e902a8b810e2c88300c6f0a3b699d",
                "sha256:e3fe4ac4b851c468cc8363d500db52c2ead036020723024a109d37346efaa761"
            ],
            "index": "pypi",
            "markers": "python_version >= '3.7'",
            "version": "==0.14.0"
        },
        "idna": {
            "hashes": [
                "sha256:9ecdbbd083b06798ae1e86adcbfe8ab1479cf864e4ee30fe4e46a003d12491ca",
                "sha256:c05567e9c24a6b9faaa835c4821bad0590fbb9d5779e7caa6e1cc4978e7eb24f"
            ],
            "index": "pypi",
            "markers": "python_version >= '3.5'",
            "version": "==3.6"
        },
        "mako": {
            "hashes": [
                "sha256:260f1dbc3a519453a9c856dedfe4beb4e50bd5a26d96386cb6c80856556bb91a",
                "sha256:48dbc20568c1d276a2698b36d968fa76161bf127194907ea6fc594fa81f943bc"
            ],
            "markers": "python_version >= '3.8'",
            "version": "==1.3.5"
        },
        "markupsafe": {
            "hashes": [
                "sha256:00e046b6dd71aa03a41079792f8473dc494d564611a8f89bbbd7cb93295ebdcf",
                "sha256:075202fa5b72c86ad32dc7d0b56024ebdbcf2048c0ba09f1cde31bfdd57bcfff",
                "sha256:0e397ac966fdf721b2c528cf028494e86172b4feba51d65f81ffd65c63798f3f",
                "sha256:17b950fccb810b3293638215058e432159d2b71005c74371d784862b7e4683f3",
                "sha256:1f3fbcb7ef1f16e48246f704ab79d79da8a46891e2da03f8783a5b6fa41a9532",
                "sha256:2174c595a0d73a3080ca3257b40096db99799265e1c27cc5a610743acd86d62f",
                "sha256:2b7c57a4dfc4f16f7142221afe5ba4e093e09e728ca65c51f5620c9aaeb9a617",
                "sha256:2d2d793e36e230fd32babe143b04cec8a8b3eb8a3122d2aceb4a371e6b09b8df",
                "sha256:30b600cf0a7ac9234b2638fbc0fb6158ba5bdcdf46aeb631ead21248b9affbc4",
                "sha256:397081c1a0bfb5124355710fe79478cdbeb39626492b15d399526ae53422b906",
                "sha256:3a57fdd7ce31c7ff06cdfbf31dafa96cc533c21e443d57f5b1ecc6cdc668ec7f",
                "sha256:3c6b973f22eb18a789b1460b4b91bf04ae3f0c4234a0a6aa6b0a92f6f7b951d4",
                "sha256:3e53af139f8579a6d5f7b76549125f0d94d7e630761a2111bc431fd820e163b8",
                "sha256:4096e9de5c6fdf43fb4f04c26fb114f61ef0bf2e5604b6ee3019d51b69e8c371",
                "sha256:4275d846e41ecefa46e2015117a9f491e57a71ddd59bbead77e904dc02b1bed2",
                "sha256:4c31f53cdae6ecfa91a77820e8b151dba54ab528ba65dfd235c80b086d68a465",
                "sha256:4f11aa001c540f62c6166c7726f71f7573b52c68c31f014c25cc7901deea0b52",
                "sha256:5049256f536511ee3f7e1b3f87d1d1209d327e818e6ae1365e8653d7e3abb6a6",
                "sha256:58c98fee265677f63a4385256a6d7683ab1832f3ddd1e66fe948d5880c21a169",
                "sha256:598e3276b64aff0e7b3451b72e94fa3c238d452e7ddcd893c3ab324717456bad",
                "sha256:5b7b716f97b52c5a14bffdf688f971b2d5ef4029127f1ad7a513973cfd818df2",
                "sha256:5dedb4db619ba5a2787a94d877bc8ffc0566f92a01c0ef214865e54ecc9ee5e0",
                "sha256:619bc166c4f2de5caa5a633b8b7326fbe98e0ccbfacabd87268a2b15ff73a029",
                "sha256:629ddd2ca402ae6dbedfceeba9c46d5f7b2a61d9749597d4307f943ef198fc1f",
                "sha256:656f7526c69fac7f600bd1f400991cc282b417d17539a1b228617081106feb4a",
                "sha256:6ec585f69cec0aa07d945b20805be741395e28ac1627333b1c5b0105962ffced",
                "sha256:72b6be590cc35924b02c78ef34b467da4ba07e4e0f0454a2c5907f473fc50ce5",
                "sha256:7502934a33b54030eaf1194c21c692a534196063db72176b0c4028e140f8f32c",
                "sha256:7a68b554d356a91cce1236aa7682dc01df0edba8d043fd1ce607c49dd3c1edcf",
                "sha256:7b2e5a267c855eea6b4283940daa6e88a285f5f2a67f2220203786dfa59b37e9",
                "sha256:823b65d8706e32ad2df51ed89496147a42a2a6e01c13cfb6ffb8b1e92bc910bb",
                "sha256:8590b4ae07a35970728874632fed7bd57b26b0102df2d2b233b6d9d82f6c62ad",
                "sha256:8dd717634f5a044f860435c1d8c16a270ddf0ef8588d4887037c5028b859b0c3",
                "sha256:8dec4936e9c3100156f8a2dc89c4b88d5c435175ff03413b443469c7c8c5f4d1",
                "sha256:97cafb1f3cbcd3fd2b6fbfb99ae11cdb14deea0736fc2b0952ee177f2b813a46",
                "sha256:a17a92de5231666cfbe003f0e4b9b3a7ae3afb1ec2845aadc2bacc93ff85febc",
                "sha256:a549b9c31bec33820e885335b451286e2969a2d9e24879f83fe904a5ce59d70a",
                "sha256:ac07bad82163452a6884fe8fa0963fb98c2346ba78d779ec06bd7a6262132aee",
                "sha256:ae2ad8ae6ebee9d2d94b17fb62763125f3f374c25618198f40cbb8b525411900",
                "sha256:b91c037585eba9095565a3556f611e3cbfaa42ca1e865f7b8015fe5c7336d5a5",
                "sha256:bc1667f8b83f48511b94671e0e441401371dfd0f0a795c7daa4a3cd1dde55bea",
                "sha256:bec0a414d016ac1a18862a519e54b2fd0fc8bbfd6890376898a6c0891dd82e9f",
                "sha256:bf50cd79a75d181c9181df03572cdce0fbb75cc353bc350712073108cba98de5",
                "sha256:bff1b4290a66b490a2f4719358c0cdcd9bafb6b8f061e45c7a2460866bf50c2e",
                "sha256:c061bb86a71b42465156a3ee7bd58c8c2ceacdbeb95d05a99893e08b8467359a",
                "sha256:c8b29db45f8fe46ad280a7294f5c3ec36dbac9491f2d1c17345be8e69cc5928f",
                "sha256:ce409136744f6521e39fd8e2a24c53fa18ad67aa5bc7c2cf83645cce5b5c4e50",
                "sha256:d050b3361367a06d752db6ead6e7edeb0009be66bc3bae0ee9d97fb326badc2a",
                "sha256:d283d37a890ba4c1ae73ffadf8046435c76e7bc2247bbb63c00bd1a709c6544b",
                "sha256:d9fad5155d72433c921b782e58892377c44bd6252b5af2f67f16b194987338a4",
                "sha256:daa4ee5a243f0f20d528d939d06670a298dd39b1ad5f8a72a4275124a7819eff",
                "sha256:db0b55e0f3cc0be60c1f19efdde9a637c32740486004f20d1cff53c3c0ece4d2",
                "sha256:e61659ba32cf2cf1481e575d0462554625196a1f2fc06a1c777d3f48e8865d46",
                "sha256:ea3d8a3d18833cf4304cd2fc9cbb1efe188ca9b5efef2bdac7adc20594a0e46b",
                "sha256:ec6a563cff360b50eed26f13adc43e61bc0c04d94b8be985e6fb24b81f6dcfdf",
                "sha256:f5dfb42c4604dddc8e4305050aa6deb084540643ed5804d7455b5df8fe16f5e5",
                "sha256:fa173ec60341d6bb97a89f5ea19c85c5643c1e7dedebc22f5181eb73573142c5",
                "sha256:fa9db3f79de01457b03d4f01b34cf91bc0048eb2c3846ff26f66687c2f6d16ab",
                "sha256:fce659a462a1be54d2ffcacea5e3ba2d74daa74f30f5f143fe0c58636e355fdd",
                "sha256:ffee1f21e5ef0d712f9033568f8344d5da8cc2869dbd08d87c84656e6a2d2f68"
            ],
            "markers": "python_version >= '3.7'",
            "version": "==2.1.5"
        },
        "psycopg2": {
            "hashes": [
                "sha256:121081ea2e76729acfb0673ff33755e8703d45e926e416cb59bae3a86c6a4981",
                "sha256:38a8dcc6856f569068b47de286b472b7c473ac7977243593a288ebce0dc89516",
                "sha256:426f9f29bde126913a20a96ff8ce7d73fd8a216cfb323b1f04da402d452853c3",
                "sha256:5e0d98cade4f0e0304d7d6f25bbfbc5bd186e07b38eac65379309c4ca3193efa",
                "sha256:7e2dacf8b009a1c1e843b5213a87f7c544b2b042476ed7755be813eaf4e8347a",
                "sha256:a7653d00b732afb6fc597e29c50ad28087dcb4fbfb28e86092277a559ae4e693",
                "sha256:ade01303ccf7ae12c356a5e10911c9e1c51136003a9a1d92f7aa9d010fb98372",
                "sha256:bac58c024c9922c23550af2a581998624d6e02350f4ae9c5f0bc642c633a2d5e",
                "sha256:c92811b2d4c9b6ea0285942b2e7cac98a59e166d59c588fe5cfe1eda58e72d59",
                "sha256:d1454bde93fb1e224166811694d600e746430c006fbb031ea06ecc2ea41bf156",
                "sha256:d735786acc7dd25815e89cc4ad529a43af779db2e25aa7c626de864127e5a024",
                "sha256:de80739447af31525feddeb8effd640782cf5998e1a4e9192ebdf829717e3913",
                "sha256:ff432630e510709564c01dafdbe996cb552e0b9f3f065eb89bdce5bd31fabf4c"
            ],
            "index": "pypi",
            "markers": "python_version >= '3.7'",
            "version": "==2.9.9"
        },
        "pydantic": {
            "hashes": [
                "sha256:0b6a909df3192245cb736509a92ff69e4fef76116feffec68e93a567347bae6f",
                "sha256:4fd5c182a2488dc63e6d32737ff19937888001e2a6d86e94b3f233104a5d1fa9"
            ],
            "index": "pypi",
            "markers": "python_version >= '3.8'",
            "version": "==2.6.1"
        },
        "pydantic-core": {
            "hashes": [
                "sha256:02906e7306cb8c5901a1feb61f9ab5e5c690dbbeaa04d84c1b9ae2a01ebe9379",
                "sha256:0ba503850d8b8dcc18391f10de896ae51d37fe5fe43dbfb6a35c5c5cad271a06",
                "sha256:16aa02e7a0f539098e215fc193c8926c897175d64c7926d00a36188917717a05",
                "sha256:18de31781cdc7e7b28678df7c2d7882f9692ad060bc6ee3c94eb15a5d733f8f7",
                "sha256:22c5f022799f3cd6741e24f0443ead92ef42be93ffda0d29b2597208c94c3753",
                "sha256:2924b89b16420712e9bb8192396026a8fbd6d8726224f918353ac19c4c043d2a",
                "sha256:308974fdf98046db28440eb3377abba274808bf66262e042c412eb2adf852731",
                "sha256:396fdf88b1b503c9c59c84a08b6833ec0c3b5ad1a83230252a9e17b7dfb4cffc",
                "sha256:3ac426704840877a285d03a445e162eb258924f014e2f074e209d9b4ff7bf380",
                "sha256:3b052c753c4babf2d1edc034c97851f867c87d6f3ea63a12e2700f159f5c41c3",
                "sha256:3fab4e75b8c525a4776e7630b9ee48aea50107fea6ca9f593c98da3f4d11bf7c",
                "sha256:406fac1d09edc613020ce9cf3f2ccf1a1b2f57ab00552b4c18e3d5276c67eb11",
                "sha256:40a0bd0bed96dae5712dab2aba7d334a6c67cbcac2ddfca7dbcc4a8176445990",
                "sha256:41dac3b9fce187a25c6253ec79a3f9e2a7e761eb08690e90415069ea4a68ff7a",
                "sha256:459c0d338cc55d099798618f714b21b7ece17eb1a87879f2da20a3ff4c7628e2",
                "sha256:459d6be6134ce3b38e0ef76f8a672924460c455d45f1ad8fdade36796df1ddc8",
                "sha256:46b0d5520dbcafea9a8645a8164658777686c5c524d381d983317d29687cce97",
                "sha256:47924039e785a04d4a4fa49455e51b4eb3422d6eaacfde9fc9abf8fdef164e8a",
                "sha256:4bfcbde6e06c56b30668a0c872d75a7ef3025dc3c1823a13cf29a0e9b33f67e8",
                "sha256:4f9ee4febb249c591d07b2d4dd36ebcad0ccd128962aaa1801508320896575ef",
                "sha256:55749f745ebf154c0d63d46c8c58594d8894b161928aa41adbb0709c1fe78b77",
                "sha256:5864b0242f74b9dd0b78fd39db1768bc3f00d1ffc14e596fd3e3f2ce43436a33",
                "sha256:5f60f920691a620b03082692c378661947d09415743e437a7478c309eb0e4f82",
                "sha256:60eb8ceaa40a41540b9acae6ae7c1f0a67d233c40dc4359c256ad2ad85bdf5e5",
                "sha256:69a7b96b59322a81c2203be537957313b07dd333105b73db0b69212c7d867b4b",
                "sha256:6ad84731a26bcfb299f9eab56c7932d46f9cad51c52768cace09e92a19e4cf55",
                "sha256:6db58c22ac6c81aeac33912fb1af0e930bc9774166cdd56eade913d5f2fff35e",
                "sha256:70651ff6e663428cea902dac297066d5c6e5423fda345a4ca62430575364d62b",
                "sha256:72f7919af5de5ecfaf1eba47bf9a5d8aa089a3340277276e5636d16ee97614d7",
                "sha256:732bd062c9e5d9582a30e8751461c1917dd1ccbdd6cafb032f02c86b20d2e7ec",
                "sha256:7924e54f7ce5d253d6160090ddc6df25ed2feea25bfb3339b424a9dd591688bc",
                "sha256:7afb844041e707ac9ad9acad2188a90bffce2c770e6dc2318be0c9916aef1469",
                "sha256:7b883af50eaa6bb3299780651e5be921e88050ccf00e3e583b1e92020333304b",
                "sha256:7beec26729d496a12fd23cf8da9944ee338c8b8a17035a560b585c36fe81af20",
                "sha256:7bf26c2e2ea59d32807081ad51968133af3025c4ba5753e6a794683d2c91bf6e",
                "sha256:7c31669e0c8cc68400ef0c730c3a1e11317ba76b892deeefaf52dcb41d56ed5d",
                "sha256:7e6231aa5bdacda78e96ad7b07d0c312f34ba35d717115f4b4bff6cb87224f0f",
                "sha256:870dbfa94de9b8866b37b867a2cb37a60c401d9deb4a9ea392abf11a1f98037b",
                "sha256:88646cae28eb1dd5cd1e09605680c2b043b64d7481cdad7f5003ebef401a3039",
                "sha256:8aafeedb6597a163a9c9727d8a8bd363a93277701b7bfd2749fbefee2396469e",
                "sha256:8bde5b48c65b8e807409e6f20baee5d2cd880e0fad00b1a811ebc43e39a00ab2",
                "sha256:8f9142a6ed83d90c94a3efd7af8873bf7cefed2d3d44387bf848888482e2d25f",
                "sha256:936a787f83db1f2115ee829dd615c4f684ee48ac4de5779ab4300994d8af325b",
                "sha256:98dc6f4f2095fc7ad277782a7c2c88296badcad92316b5a6e530930b1d475ebc",
                "sha256:9957433c3a1b67bdd4c63717eaf174ebb749510d5ea612cd4e83f2d9142f3fc8",
                "sha256:99af961d72ac731aae2a1b55ccbdae0733d816f8bfb97b41909e143de735f522",
                "sha256:9b5f13857da99325dcabe1cc4e9e6a3d7b2e2c726248ba5dd4be3e8e4a0b6d0e",
                "sha256:9d776d30cde7e541b8180103c3f294ef7c1862fd45d81738d156d00551005784",
                "sha256:9da90d393a8227d717c19f5397688a38635afec89f2e2d7af0df037f3249c39a",
                "sha256:a3b7352b48fbc8b446b75f3069124e87f599d25afb8baa96a550256c031bb890",
                "sha256:a477932664d9611d7a0816cc3c0eb1f8856f8a42435488280dfbf4395e141485",
                "sha256:a7e41e3ada4cca5f22b478c08e973c930e5e6c7ba3588fb8e35f2398cdcc1545",
                "sha256:a90fec23b4b05a09ad988e7a4f4e081711a90eb2a55b9c984d8b74597599180f",
                "sha256:a9e523474998fb33f7c1a4d55f5504c908d57add624599e095c20fa575b8d943",
                "sha256:aa057095f621dad24a1e906747179a69780ef45cc8f69e97463692adbcdae878",
                "sha256:aa6c8c582036275997a733427b88031a32ffa5dfc3124dc25a730658c47a572f",
                "sha256:ae34418b6b389d601b31153b84dce480351a352e0bb763684a1b993d6be30f17",
                "sha256:b0d7a9165167269758145756db43a133608a531b1e5bb6a626b9ee24bc38a8f7",
                "sha256:b30b0dd58a4509c3bd7eefddf6338565c4905406aee0c6e4a5293841411a1286",
                "sha256:b8f9186ca45aee030dc8234118b9c0784ad91a0bb27fc4e7d9d6608a5e3d386c",
                "sha256:b94cbda27267423411c928208e89adddf2ea5dd5f74b9528513f0358bba019cb",
                "sha256:cc6f6c9be0ab6da37bc77c2dda5f14b1d532d5dbef00311ee6e13357a418e646",
                "sha256:ce232a6170dd6532096cadbf6185271e4e8c70fc9217ebe105923ac105da9978",
                "sha256:cf903310a34e14651c9de056fcc12ce090560864d5a2bb0174b971685684e1d8",
                "sha256:d5362d099c244a2d2f9659fb3c9db7c735f0004765bbe06b99be69fbd87c3f15",
                "sha256:dffaf740fe2e147fedcb6b561353a16243e654f7fe8e701b1b9db148242e1272",
                "sha256:e0f686549e32ccdb02ae6f25eee40cc33900910085de6aa3790effd391ae10c2",
                "sha256:e4b52776a2e3230f4854907a1e0946eec04d41b1fc64069ee774876bbe0eab55",
                "sha256:e4ba0884a91f1aecce75202473ab138724aa4fb26d7707f2e1fa6c3e68c84fbf",
                "sha256:e6294e76b0380bb7a61eb8a39273c40b20beb35e8c87ee101062834ced19c545",
                "sha256:ebb892ed8599b23fa8f1799e13a12c87a97a6c9d0f497525ce9858564c4575a4",
                "sha256:eca58e319f4fd6df004762419612122b2c7e7d95ffafc37e890252f869f3fb2a",
                "sha256:ed957db4c33bc99895f3a1672eca7e80e8cda8bd1e29a80536b4ec2153fa9804",
                "sha256:ef551c053692b1e39e3f7950ce2296536728871110e7d75c4e7753fb30ca87f4",
                "sha256:ef6113cd31411eaf9b39fc5a8848e71c72656fd418882488598758b2c8c6dfa0",
                "sha256:f685dbc1fdadb1dcd5b5e51e0a378d4685a891b2ddaf8e2bba89bd3a7144e44a",
                "sha256:f8ed79883b4328b7f0bd142733d99c8e6b22703e908ec63d930b06be3a0e7113",
                "sha256:fe56851c3f1d6f5384b3051c536cc81b3a93a73faf931f404fef95217cf1e10d",
                "sha256:ff7c97eb7a29aba230389a2661edf2e9e06ce616c7e35aa764879b6894a44b25"
            ],
            "index": "pypi",
            "markers": "python_version >= '3.8'",
            "version": "==2.16.2"
        },
        "sniffio": {
            "hashes": [
                "sha256:e60305c5e5d314f5389259b7f22aaa33d8f7dee49763119234af3755c55b9101",
                "sha256:eecefdce1e5bbfb7ad2eeaabf7c1eeb404d7757c379bd1f7e5cce9d8bf425384"
            ],
            "index": "pypi",
            "markers": "python_version >= '3.7'",
            "version": "==1.3.0"
        },
        "sqlalchemy": {
            "hashes": [
                "sha256:03f448ffb731b48323bda68bcc93152f751436ad6037f18a42b7e16af9e91c07",
                "sha256:0de1263aac858f288a80b2071990f02082c51d88335a1db0d589237a3435fe71",
                "sha256:0fb3bffc0ced37e5aa4ac2416f56d6d858f46d4da70c09bb731a246e70bff4d5",
                "sha256:120af1e49d614d2525ac247f6123841589b029c318b9afbfc9e2b70e22e1827d",
                "sha256:1306102f6d9e625cebaca3d4c9c8f10588735ef877f0360b5cdb4fdfd3fd7131",
                "sha256:15e19a84b84528f52a68143439d0c7a3a69befcd4f50b8ef9b7b69d2628ae7c4",
                "sha256:1ab4e0448018d01b142c916cc7119ca573803a4745cfe341b8f95657812700ac",
                "sha256:1fc19ae2e07a067663dd24fca55f8ed06a288384f0e6e3910420bf4b1270cc51",
                "sha256:2f5c9dfb0b9ab5e3a8a00249534bdd838d943ec4cfb9abe176a6c33408430230",
                "sha256:30d81cc1192dc693d49d5671cd40cdec596b885b0ce3b72f323888ab1c3863d5",
                "sha256:33e8bde8fff203de50399b9039c4e14e42d4d227759155c21f8da4a47fc8053c",
                "sha256:4535c49d961fe9a77392e3a630a626af5baa967172d42732b7a43496c8b28876",
                "sha256:48217be1de7d29a5600b5c513f3f7664b21d32e596d69582be0a94e36b8309cb",
                "sha256:5ada0438f5b74c3952d916c199367c29ee4d6858edff18eab783b3978d0db16d",
                "sha256:5b78aa9f4f68212248aaf8943d84c0ff0f74efc65a661c2fc68b82d498311fd5",
                "sha256:5cd20f58c29bbf2680039ff9f569fa6d21453fbd2fa84dbdb4092f006424c2e6",
                "sha256:611068511b5531304137bcd7fe8117c985d1b828eb86043bd944cebb7fae3910",
                "sha256:680b9a36029b30cf063698755d277885d4a0eab70a2c7c6e71aab601323cba45",
                "sha256:6c5bad7c60a392850d2f0fee8f355953abaec878c483dd7c3836e0089f046bf6",
                "sha256:6c7a596d0be71b7baa037f4ac10d5e057d276f65a9a611c46970f012752ebf2d",
                "sha256:7f470327d06400a0aa7926b375b8e8c3c31d335e0884f509fe272b3c700a7254",
                "sha256:86a6ed69a71fe6b88bf9331594fa390a2adda4a49b5c06f98e47bf0d392534f8",
                "sha256:8dfc936870507da96aebb43e664ae3a71a7b96278382bcfe84d277b88e379b18",
                "sha256:954d9735ee9c3fa74874c830d089a815b7b48df6f6b6e357a74130e478dbd951",
                "sha256:9e56afce6431450442f3ab5973156289bd5ec33dd618941283847c9fd5ff06bf",
                "sha256:a3012ab65ea42de1be81fff5fb28d6db893ef978950afc8130ba707179b4284a",
                "sha256:ad862295ad3f644e3c2c0d8b10a988e1600d3123ecb48702d2c0f26771f1c396",
                "sha256:b1d9d1bfd96eef3c3faedb73f486c89e44e64e40e5bfec304ee163de01cf996f",
                "sha256:b86abba762ecfeea359112b2bb4490802b340850bbee1948f785141a5e020de8",
                "sha256:b90053be91973a6fb6020a6e44382c97739736a5a9d74e08cc29b196639eb979",
                "sha256:c4fbe6a766301f2e8a4519f4500fe74ef0a8509a59e07a4085458f26228cd7cc",
                "sha256:ca891af9f3289d24a490a5fde664ea04fe2f4984cd97e26de7442a4251bd4b7c",
                "sha256:cb0845e934647232b6ff5150df37ceffd0b67b754b9fdbb095233deebcddbd4a",
                "sha256:ce850db091bf7d2a1f2fdb615220b968aeff3849007b1204bf6e3e50a57b3d32",
                "sha256:d04e579e911562f1055d26dab1868d3e0bb905db3bccf664ee8ad109f035618a",
                "sha256:d07ee7793f2aeb9b80ec8ceb96bc8cc08a2aec8a1b152da1955d64e4825fcbac",
                "sha256:d177b7e82f6dd5e1aebd24d9c3297c70ce09cd1d5d37b43e53f39514379c029c",
                "sha256:d7b5a3e2120982b8b6bd1d5d99e3025339f7fb8b8267551c679afb39e9c7c7f1",
                "sha256:d873c21b356bfaf1589b89090a4011e6532582b3a8ea568a00e0c3aab09399dd",
                "sha256:d997c5938a08b5e172c30583ba6b8aad657ed9901fc24caf3a7152eeccb2f1b4",
                "sha256:dbcd77c4d94b23e0753c5ed8deba8c69f331d4fd83f68bfc9db58bc8983f49cd",
                "sha256:e36aa62b765cf9f43a003233a8c2d7ffdeb55bc62eaa0a0380475b228663a38f",
                "sha256:e97cf143d74a7a5a0f143aa34039b4fecf11343eed66538610debc438685db4a",
                "sha256:eb15ef40b833f5b2f19eeae65d65e191f039e71790dd565c2af2a3783f72262f",
                "sha256:ec1f5a328464daf7a1e4e385e4f5652dd9b1d12405075ccba1df842f7774b4fc",
                "sha256:f9374e270e2553653d710ece397df67db9d19c60d2647bcd35bfc616f1622dcd",
                "sha256:fa67d821c1fd268a5a87922ef4940442513b4e6c377553506b9db3b83beebbd8",
                "sha256:fd8aafda7cdff03b905d4426b714601c0978725a19efc39f5f207b86d188ba01",
                "sha256:ff2f1b7c963961d41403b650842dc2039175b906ab2093635d8319bef0b7d620"
            ],
            "index": "pypi",
            "markers": "python_version >= '3.7'",
            "version": "==2.0.27"
        },
        "sqlmodel": {
            "hashes": [
                "sha256:6c8125d4101970d031e9aae970b20cbeaf44149989f8366d939f4ab21aab8763",
                "sha256:95449b0b48a40a3eecf0a629fa5735b9dfc8a5574a91090d24ca17f02246ad96"
            ],
            "index": "pypi",
            "markers": "python_version >= '3.7'",
            "version": "==0.0.19"
        },
        "starlette": {
            "hashes": [
                "sha256:13d429aa93a61dc40bf503e8c801db1f1bca3dc706b10ef2434a36123568f044",
                "sha256:90a671733cfb35771d8cc605e0b679d23b992f8dcfad48cc60b38cb29aeb7080"
            ],
            "index": "pypi",
            "markers": "python_version >= '3.8'",
            "version": "==0.36.3"
        },
        "typing-extensions": {
            "hashes": [
                "sha256:23478f88c37f27d76ac8aee6c905017a143b0b1b886c3c9f66bc2fd94f9f5783",
                "sha256:af72aea155e91adfc61c3ae9e0e342dbc0cba726d6cba4b6c72c1f34e47291cd"
            ],
            "index": "pypi",
            "markers": "python_version >= '3.8'",
            "version": "==4.9.0"
        },
        "uvicorn": {
            "hashes": [
                "sha256:3d9a267296243532db80c83a959a3400502165ade2c1338dea4e67915fd4745a",
                "sha256:5c89da2f3895767472a35556e539fd59f7edbe9b1e9c0e1c99eebeadc61838e4"
            ],
            "index": "pypi",
            "markers": "python_version >= '3.8'",
            "version": "==0.27.1"
        }
    },
    "develop": {}
}
